
Microsoft Visual Studio Solution File, Format Version 12.00
# Visual Studio Version 17
VisualStudioVersion = 17.5.33516.290
MinimumVisualStudioVersion = 10.0.40219.1
Project("{9A19103F-16F7-4668-BE54-9A1E7A4F7556}") = "CRUD.CQRS", "CRUD\CQRS\CRUD.CQRS.csproj", "{0FEE1418-A26D-4498-9D38-1D00BBD5F6EB}"
EndProject
Project("{9A19103F-16F7-4668-BE54-9A1E7A4F7556}") = "CRUD.Core", "CRUD\Core\CRUD.Core.csproj", "{03418254-7C9D-4371-A73D-6815DD49B82A}"
EndProject
Project("{9A19103F-16F7-4668-BE54-9A1E7A4F7556}") = "CRUD.WebAPI", "CRUD\WebAPI\CRUD.WebAPI.csproj", "{3DBB732F-4476-4A29-B5DA-952B3277D3F5}"
EndProject
Project("{9A19103F-16F7-4668-BE54-9A1E7A4F7556}") = "CRUD.Extensions", "CRUD\Extensions\CRUD.Extensions.csproj", "{7E0B209D-0600-4309-84C1-85C170C606C1}"
EndProject
Project("{2150E333-8FDC-42A3-9474-1A3956D46DE8}") = "Tests", "Tests", "{8382DA59-2329-441D-B1D9-3E6D67D160C4}"
EndProject
Project("{9A19103F-16F7-4668-BE54-9A1E7A4F7556}") = "Tests.Extensions", "Tests\Extensions\Tests.Extensions.csproj", "{472E0ED2-3494-46BA-91BF-91DC9BFEC286}"
EndProject
Project("{9A19103F-16F7-4668-BE54-9A1E7A4F7556}") = "EfTests.Core", "Tests\EntityFramework\EfCore\EfTests.Core.csproj", "{CCBC4E5E-23B4-4F3A-9491-988CA02BA6C3}"
EndProject
Project("{9A19103F-16F7-4668-BE54-9A1E7A4F7556}") = "EfTests.CQRS", "Tests\EntityFramework\EfCQRS\EfTests.CQRS.csproj", "{3EA74F52-7A99-4C27-B3DF-A5BCFE83F2FB}"
EndProject
Project("{9A19103F-16F7-4668-BE54-9A1E7A4F7556}") = "EfTests.DAL", "Tests\EntityFramework\EfDAL\EfTests.DAL.csproj", "{082177DF-043C-4505-B823-7D5687F06C13}"
EndProject
Project("{9A19103F-16F7-4668-BE54-9A1E7A4F7556}") = "CRUD.DAL.Abstractions", "CRUD\DAL\Abstractions\CRUD.DAL.Abstractions.csproj", "{7E02C414-7932-49E1-916F-93A4BDF6B54C}"
EndProject
Project("{9A19103F-16F7-4668-BE54-9A1E7A4F7556}") = "CRUD.DAL.EntityFramework", "CRUD\DAL\EntityFramework\CRUD.DAL.EntityFramework.csproj", "{A0E14445-D0B7-46C8-8235-752E14E1FF5C}"
EndProject
Project("{2150E333-8FDC-42A3-9474-1A3956D46DE8}") = "CRUD", "CRUD", "{70E4E0F2-BBDA-4CBD-9249-858FFA90CA93}"
EndProject
Project("{2150E333-8FDC-42A3-9474-1A3956D46DE8}") = "DAL", "DAL", "{6ED66035-1D91-4CAE-9305-A0C251C21842}"
EndProject
Project("{9A19103F-16F7-4668-BE54-9A1E7A4F7556}") = "CRUD.DAL.NHibernate", "CRUD\DAL\NHibernate\CRUD.DAL.NHibernate.csproj", "{CE88A9EC-6575-4F7A-8931-162B482CD5BF}"
EndProject
Project("{2150E333-8FDC-42A3-9474-1A3956D46DE8}") = "Logging", "Logging", "{50127F62-3C2B-42E3-A309-E9EFA8561184}"
EndProject
Project("{9A19103F-16F7-4668-BE54-9A1E7A4F7556}") = "CRUD.Logging.Common", "CRUD\Logging\Common\CRUD.Logging.Common.csproj", "{1B83B93D-4474-4C46-B75B-33108DDA41B8}"
EndProject
Project("{2150E333-8FDC-42A3-9474-1A3956D46DE8}") = "EntityFramework", "EntityFramework", "{6F08EAD8-C029-4470-A36C-C9CF22EC379D}"
EndProject
Project("{2150E333-8FDC-42A3-9474-1A3956D46DE8}") = "NHibernate", "NHibernate", "{15C7DBC0-CCC1-4084-A362-03B2791F501D}"
EndProject
Project("{9A19103F-16F7-4668-BE54-9A1E7A4F7556}") = "CRUD.Logging.EntityFramework", "CRUD\Logging\EntityFramework\CRUD.Logging.EntityFramework.csproj", "{36D75D6E-DA06-47E1-856D-C030AC3BFA66}"
EndProject
Project("{9A19103F-16F7-4668-BE54-9A1E7A4F7556}") = "CRUD.Logging.NHibernate", "CRUD\Logging\NHibernate\CRUD.Logging.NHibernate.csproj", "{CA1C9FE1-1AFA-4709-BA8D-6D59E2D4BD8F}"
EndProject
Project("{9A19103F-16F7-4668-BE54-9A1E7A4F7556}") = "EfTests.Logging", "Tests\EntityFramework\EfLogging\EfTests.Logging.csproj", "{0A33FA00-FDD6-4203-B865-9F84F783DACE}"
EndProject
Project("{9A19103F-16F7-4668-BE54-9A1E7A4F7556}") = "NhTests.DAL", "Tests\NHibernate\NhDAL\NhTests.DAL.csproj", "{40E83EC6-2A95-4898-A4F7-05283E54A540}"
EndProject
Project("{9A19103F-16F7-4668-BE54-9A1E7A4F7556}") = "NhTests.Shared", "Tests\NHibernate\NhShared\NhTests.Shared.csproj", "{B3DDBA72-CED6-4188-8830-D08E4B95760F}"
EndProject
Project("{9A19103F-16F7-4668-BE54-9A1E7A4F7556}") = "EfTests.Shared", "Tests\EntityFramework\EfShared\EfTests.Shared.csproj", "{F43C9441-D5A9-4CB4-9672-0A4492855BC3}"
EndProject
Project("{9A19103F-16F7-4668-BE54-9A1E7A4F7556}") = "NhTests.CQRS", "Tests\NHibernate\NhCQRS\NhTests.CQRS.csproj", "{190DF686-3DE1-42CD-8415-63947C6B2DDC}"
EndProject
Project("{9A19103F-16F7-4668-BE54-9A1E7A4F7556}") = "NhTests.Core", "Tests\NHibernate\NhCore\NhTests.Core.csproj", "{B360215F-0A31-46BA-9D0B-0056838F2888}"
EndProject
Project("{9A19103F-16F7-4668-BE54-9A1E7A4F7556}") = "NhTests.Logging", "Tests\NHibernate\NhLogging\NhTests.Logging.csproj", "{ED173629-0218-4AF5-8EE3-6FD6557E6833}"
EndProject
Project("{2150E333-8FDC-42A3-9474-1A3956D46DE8}") = "Templates", "Templates", "{0A3239EC-C714-4500-AF3A-7106F93BA379}"
EndProject
Project("{2150E333-8FDC-42A3-9474-1A3956D46DE8}") = "WebAPI", "WebAPI", "{14C0BECA-6D9E-442B-A88B-D08F46A29BA1}"
EndProject
Project("{9A19103F-16F7-4668-BE54-9A1E7A4F7556}") = "Templates.WebAPI.EF", "Templates\WebAPI\EntityFramework\Templates.WebAPI.EF.csproj", "{9EF7FFD1-6333-438C-B3B7-1752FBA50BD8}"
EndProject
Project("{9A19103F-16F7-4668-BE54-9A1E7A4F7556}") = "Templates.WebAPI.NH", "Templates\WebAPI\NHibernate\Templates.WebAPI.NH.csproj", "{19545A66-0F47-4711-A25B-2B8F4F667796}"
EndProject
Project("{FAE04EC0-301F-11D3-BF4B-00C04F79EFBC}") = "Templates.WebAPI.NH.VSIX", "Templates\WebAPI\NHibernate.VSIX\Templates.WebAPI.NH.VSIX.csproj", "{36EFE2AF-2CF0-456B-AD9E-89AB8CE04514}"
EndProject
Project("{FAE04EC0-301F-11D3-BF4B-00C04F79EFBC}") = "Templates.WebAPI.EF.VSIX", "Templates\WebAPI\EntityFramework.VSIX\Templates.WebAPI.EF.VSIX.csproj", "{8FAFE51E-5776-408C-A63B-0488ADD64D22}"
EndProject
Project("{2150E333-8FDC-42A3-9474-1A3956D46DE8}") = "Blazor", "Blazor", "{28D35F71-815B-4D7E-A0A1-890D65B63245}"
EndProject
Project("{2150E333-8FDC-42A3-9474-1A3956D46DE8}") = "EF", "EF", "{FFDFBAD2-6A48-41DF-A85B-C7C9B3E25BFE}"
EndProject
Project("{9A19103F-16F7-4668-BE54-9A1E7A4F7556}") = "Templates.Blazor.EF.UI", "Templates\Blazor\EntityFramework\UI\Templates.Blazor.EF.UI.csproj", "{87006153-2624-426C-A753-82A86E4D1303}"
EndProject
Project("{9A19103F-16F7-4668-BE54-9A1E7A4F7556}") = "Templates.Blazor.EF.API", "Templates\Blazor\EntityFramework\API\Templates.Blazor.EF.API.csproj", "{26065408-E106-4736-BCD2-78D5E6E3BF63}"
EndProject
Project("{9A19103F-16F7-4668-BE54-9A1E7A4F7556}") = "Templates.Blazor.EF.Shared", "Templates\Blazor\EntityFramework\Shared\Templates.Blazor.EF.Shared.csproj", "{988C245F-6BDA-40D9-B50B-09D29EC6D53E}"
EndProject
Project("{FAE04EC0-301F-11D3-BF4B-00C04F79EFBC}") = "Templates.Blazor.EF.VSIX", "Templates\Blazor\EntityFramework.VSIX\Templates.Blazor.EF.VSIX.csproj", "{FEA34A08-73D9-42E1-8E75-135DFFF1161C}"
EndProject
Project("{2150E333-8FDC-42A3-9474-1A3956D46DE8}") = "NH", "NH", "{B05DF9C0-CF90-4FAA-B80B-613B240CB5AA}"
EndProject
Project("{9A19103F-16F7-4668-BE54-9A1E7A4F7556}") = "Templates.Blazor.NH.Shared", "Templates\Blazor\NHibernate\Shared\Templates.Blazor.NH.Shared.csproj", "{D8F77B49-B37E-47AD-AD0D-928639194DC5}"
EndProject
Project("{9A19103F-16F7-4668-BE54-9A1E7A4F7556}") = "Templates.Blazor.NH.API", "Templates\Blazor\NHibernate\API\Templates.Blazor.NH.API.csproj", "{161E272E-D163-4152-8030-580ECFDE4504}"
EndProject
Project("{9A19103F-16F7-4668-BE54-9A1E7A4F7556}") = "Templates.Blazor.NH.UI", "Templates\Blazor\NHibernate\UI\Templates.Blazor.NH.UI.csproj", "{47333368-7CE7-4B5C-94DF-36CD17E7E6DD}"
EndProject
Project("{2150E333-8FDC-42A3-9474-1A3956D46DE8}") = "EF", "EF", "{F8C024A5-AFA8-4614-8D43-EDAB4E9B5DB8}"
EndProject
Project("{2150E333-8FDC-42A3-9474-1A3956D46DE8}") = "NH", "NH", "{8C30FEFC-9EAB-4AF3-A3E7-029037B4C1B7}"
EndProject
Project("{FAE04EC0-301F-11D3-BF4B-00C04F79EFBC}") = "Templates.Blazor.NH.VSIX", "Templates\Blazor\NHibernate.VSIX\Templates.Blazor.NH.VSIX.csproj", "{74FC914F-A376-4B87-82BD-D2B483911400}"
EndProject
Global
	GlobalSection(SolutionConfigurationPlatforms) = preSolution
		Debug|Any CPU = Debug|Any CPU
		Debug|arm64 = Debug|arm64
		Debug|x86 = Debug|x86
		Release|Any CPU = Release|Any CPU
		Release|arm64 = Release|arm64
		Release|x86 = Release|x86
	EndGlobalSection
	GlobalSection(ProjectConfigurationPlatforms) = postSolution
		{0FEE1418-A26D-4498-9D38-1D00BBD5F6EB}.Debug|Any CPU.ActiveCfg = Debug|Any CPU
		{0FEE1418-A26D-4498-9D38-1D00BBD5F6EB}.Debug|Any CPU.Build.0 = Debug|Any CPU
		{0FEE1418-A26D-4498-9D38-1D00BBD5F6EB}.Debug|arm64.ActiveCfg = Debug|Any CPU
		{0FEE1418-A26D-4498-9D38-1D00BBD5F6EB}.Debug|arm64.Build.0 = Debug|Any CPU
		{0FEE1418-A26D-4498-9D38-1D00BBD5F6EB}.Debug|x86.ActiveCfg = Debug|Any CPU
		{0FEE1418-A26D-4498-9D38-1D00BBD5F6EB}.Debug|x86.Build.0 = Debug|Any CPU
		{0FEE1418-A26D-4498-9D38-1D00BBD5F6EB}.Release|Any CPU.ActiveCfg = Release|Any CPU
		{0FEE1418-A26D-4498-9D38-1D00BBD5F6EB}.Release|Any CPU.Build.0 = Release|Any CPU
		{0FEE1418-A26D-4498-9D38-1D00BBD5F6EB}.Release|arm64.ActiveCfg = Release|Any CPU
		{0FEE1418-A26D-4498-9D38-1D00BBD5F6EB}.Release|arm64.Build.0 = Release|Any CPU
		{0FEE1418-A26D-4498-9D38-1D00BBD5F6EB}.Release|x86.ActiveCfg = Release|Any CPU
		{0FEE1418-A26D-4498-9D38-1D00BBD5F6EB}.Release|x86.Build.0 = Release|Any CPU
		{03418254-7C9D-4371-A73D-6815DD49B82A}.Debug|Any CPU.ActiveCfg = Debug|Any CPU
		{03418254-7C9D-4371-A73D-6815DD49B82A}.Debug|Any CPU.Build.0 = Debug|Any CPU
		{03418254-7C9D-4371-A73D-6815DD49B82A}.Debug|arm64.ActiveCfg = Debug|Any CPU
		{03418254-7C9D-4371-A73D-6815DD49B82A}.Debug|arm64.Build.0 = Debug|Any CPU
		{03418254-7C9D-4371-A73D-6815DD49B82A}.Debug|x86.ActiveCfg = Debug|Any CPU
		{03418254-7C9D-4371-A73D-6815DD49B82A}.Debug|x86.Build.0 = Debug|Any CPU
		{03418254-7C9D-4371-A73D-6815DD49B82A}.Release|Any CPU.ActiveCfg = Release|Any CPU
		{03418254-7C9D-4371-A73D-6815DD49B82A}.Release|Any CPU.Build.0 = Release|Any CPU
		{03418254-7C9D-4371-A73D-6815DD49B82A}.Release|arm64.ActiveCfg = Release|Any CPU
		{03418254-7C9D-4371-A73D-6815DD49B82A}.Release|arm64.Build.0 = Release|Any CPU
		{03418254-7C9D-4371-A73D-6815DD49B82A}.Release|x86.ActiveCfg = Release|Any CPU
		{03418254-7C9D-4371-A73D-6815DD49B82A}.Release|x86.Build.0 = Release|Any CPU
		{3DBB732F-4476-4A29-B5DA-952B3277D3F5}.Debug|Any CPU.ActiveCfg = Debug|Any CPU
		{3DBB732F-4476-4A29-B5DA-952B3277D3F5}.Debug|Any CPU.Build.0 = Debug|Any CPU
		{3DBB732F-4476-4A29-B5DA-952B3277D3F5}.Debug|arm64.ActiveCfg = Debug|Any CPU
		{3DBB732F-4476-4A29-B5DA-952B3277D3F5}.Debug|arm64.Build.0 = Debug|Any CPU
		{3DBB732F-4476-4A29-B5DA-952B3277D3F5}.Debug|x86.ActiveCfg = Debug|Any CPU
		{3DBB732F-4476-4A29-B5DA-952B3277D3F5}.Debug|x86.Build.0 = Debug|Any CPU
		{3DBB732F-4476-4A29-B5DA-952B3277D3F5}.Release|Any CPU.ActiveCfg = Release|Any CPU
		{3DBB732F-4476-4A29-B5DA-952B3277D3F5}.Release|Any CPU.Build.0 = Release|Any CPU
		{3DBB732F-4476-4A29-B5DA-952B3277D3F5}.Release|arm64.ActiveCfg = Release|Any CPU
		{3DBB732F-4476-4A29-B5DA-952B3277D3F5}.Release|arm64.Build.0 = Release|Any CPU
		{3DBB732F-4476-4A29-B5DA-952B3277D3F5}.Release|x86.ActiveCfg = Release|Any CPU
		{3DBB732F-4476-4A29-B5DA-952B3277D3F5}.Release|x86.Build.0 = Release|Any CPU
		{7E0B209D-0600-4309-84C1-85C170C606C1}.Debug|Any CPU.ActiveCfg = Debug|Any CPU
		{7E0B209D-0600-4309-84C1-85C170C606C1}.Debug|Any CPU.Build.0 = Debug|Any CPU
		{7E0B209D-0600-4309-84C1-85C170C606C1}.Debug|arm64.ActiveCfg = Debug|Any CPU
		{7E0B209D-0600-4309-84C1-85C170C606C1}.Debug|arm64.Build.0 = Debug|Any CPU
		{7E0B209D-0600-4309-84C1-85C170C606C1}.Debug|x86.ActiveCfg = Debug|Any CPU
		{7E0B209D-0600-4309-84C1-85C170C606C1}.Debug|x86.Build.0 = Debug|Any CPU
		{7E0B209D-0600-4309-84C1-85C170C606C1}.Release|Any CPU.ActiveCfg = Release|Any CPU
		{7E0B209D-0600-4309-84C1-85C170C606C1}.Release|Any CPU.Build.0 = Release|Any CPU
		{7E0B209D-0600-4309-84C1-85C170C606C1}.Release|arm64.ActiveCfg = Release|Any CPU
		{7E0B209D-0600-4309-84C1-85C170C606C1}.Release|arm64.Build.0 = Release|Any CPU
		{7E0B209D-0600-4309-84C1-85C170C606C1}.Release|x86.ActiveCfg = Release|Any CPU
		{7E0B209D-0600-4309-84C1-85C170C606C1}.Release|x86.Build.0 = Release|Any CPU
		{472E0ED2-3494-46BA-91BF-91DC9BFEC286}.Debug|Any CPU.ActiveCfg = Debug|Any CPU
		{472E0ED2-3494-46BA-91BF-91DC9BFEC286}.Debug|Any CPU.Build.0 = Debug|Any CPU
		{472E0ED2-3494-46BA-91BF-91DC9BFEC286}.Debug|arm64.ActiveCfg = Debug|Any CPU
		{472E0ED2-3494-46BA-91BF-91DC9BFEC286}.Debug|arm64.Build.0 = Debug|Any CPU
		{472E0ED2-3494-46BA-91BF-91DC9BFEC286}.Debug|x86.ActiveCfg = Debug|Any CPU
		{472E0ED2-3494-46BA-91BF-91DC9BFEC286}.Debug|x86.Build.0 = Debug|Any CPU
		{472E0ED2-3494-46BA-91BF-91DC9BFEC286}.Release|Any CPU.ActiveCfg = Release|Any CPU
		{472E0ED2-3494-46BA-91BF-91DC9BFEC286}.Release|Any CPU.Build.0 = Release|Any CPU
		{472E0ED2-3494-46BA-91BF-91DC9BFEC286}.Release|arm64.ActiveCfg = Release|Any CPU
		{472E0ED2-3494-46BA-91BF-91DC9BFEC286}.Release|arm64.Build.0 = Release|Any CPU
		{472E0ED2-3494-46BA-91BF-91DC9BFEC286}.Release|x86.ActiveCfg = Release|Any CPU
		{472E0ED2-3494-46BA-91BF-91DC9BFEC286}.Release|x86.Build.0 = Release|Any CPU
		{CCBC4E5E-23B4-4F3A-9491-988CA02BA6C3}.Debug|Any CPU.ActiveCfg = Debug|Any CPU
		{CCBC4E5E-23B4-4F3A-9491-988CA02BA6C3}.Debug|Any CPU.Build.0 = Debug|Any CPU
		{CCBC4E5E-23B4-4F3A-9491-988CA02BA6C3}.Debug|arm64.ActiveCfg = Debug|Any CPU
		{CCBC4E5E-23B4-4F3A-9491-988CA02BA6C3}.Debug|arm64.Build.0 = Debug|Any CPU
		{CCBC4E5E-23B4-4F3A-9491-988CA02BA6C3}.Debug|x86.ActiveCfg = Debug|Any CPU
		{CCBC4E5E-23B4-4F3A-9491-988CA02BA6C3}.Debug|x86.Build.0 = Debug|Any CPU
		{CCBC4E5E-23B4-4F3A-9491-988CA02BA6C3}.Release|Any CPU.ActiveCfg = Release|Any CPU
		{CCBC4E5E-23B4-4F3A-9491-988CA02BA6C3}.Release|Any CPU.Build.0 = Release|Any CPU
		{CCBC4E5E-23B4-4F3A-9491-988CA02BA6C3}.Release|arm64.ActiveCfg = Release|Any CPU
		{CCBC4E5E-23B4-4F3A-9491-988CA02BA6C3}.Release|arm64.Build.0 = Release|Any CPU
		{CCBC4E5E-23B4-4F3A-9491-988CA02BA6C3}.Release|x86.ActiveCfg = Release|Any CPU
		{CCBC4E5E-23B4-4F3A-9491-988CA02BA6C3}.Release|x86.Build.0 = Release|Any CPU
		{3EA74F52-7A99-4C27-B3DF-A5BCFE83F2FB}.Debug|Any CPU.ActiveCfg = Debug|Any CPU
		{3EA74F52-7A99-4C27-B3DF-A5BCFE83F2FB}.Debug|Any CPU.Build.0 = Debug|Any CPU
		{3EA74F52-7A99-4C27-B3DF-A5BCFE83F2FB}.Debug|arm64.ActiveCfg = Debug|Any CPU
		{3EA74F52-7A99-4C27-B3DF-A5BCFE83F2FB}.Debug|arm64.Build.0 = Debug|Any CPU
		{3EA74F52-7A99-4C27-B3DF-A5BCFE83F2FB}.Debug|x86.ActiveCfg = Debug|Any CPU
		{3EA74F52-7A99-4C27-B3DF-A5BCFE83F2FB}.Debug|x86.Build.0 = Debug|Any CPU
		{3EA74F52-7A99-4C27-B3DF-A5BCFE83F2FB}.Release|Any CPU.ActiveCfg = Release|Any CPU
		{3EA74F52-7A99-4C27-B3DF-A5BCFE83F2FB}.Release|Any CPU.Build.0 = Release|Any CPU
		{3EA74F52-7A99-4C27-B3DF-A5BCFE83F2FB}.Release|arm64.ActiveCfg = Release|Any CPU
		{3EA74F52-7A99-4C27-B3DF-A5BCFE83F2FB}.Release|arm64.Build.0 = Release|Any CPU
		{3EA74F52-7A99-4C27-B3DF-A5BCFE83F2FB}.Release|x86.ActiveCfg = Release|Any CPU
		{3EA74F52-7A99-4C27-B3DF-A5BCFE83F2FB}.Release|x86.Build.0 = Release|Any CPU
		{082177DF-043C-4505-B823-7D5687F06C13}.Debug|Any CPU.ActiveCfg = Debug|Any CPU
		{082177DF-043C-4505-B823-7D5687F06C13}.Debug|Any CPU.Build.0 = Debug|Any CPU
		{082177DF-043C-4505-B823-7D5687F06C13}.Debug|arm64.ActiveCfg = Debug|Any CPU
		{082177DF-043C-4505-B823-7D5687F06C13}.Debug|arm64.Build.0 = Debug|Any CPU
		{082177DF-043C-4505-B823-7D5687F06C13}.Debug|x86.ActiveCfg = Debug|Any CPU
		{082177DF-043C-4505-B823-7D5687F06C13}.Debug|x86.Build.0 = Debug|Any CPU
		{082177DF-043C-4505-B823-7D5687F06C13}.Release|Any CPU.ActiveCfg = Release|Any CPU
		{082177DF-043C-4505-B823-7D5687F06C13}.Release|Any CPU.Build.0 = Release|Any CPU
		{082177DF-043C-4505-B823-7D5687F06C13}.Release|arm64.ActiveCfg = Release|Any CPU
		{082177DF-043C-4505-B823-7D5687F06C13}.Release|arm64.Build.0 = Release|Any CPU
		{082177DF-043C-4505-B823-7D5687F06C13}.Release|x86.ActiveCfg = Release|Any CPU
		{082177DF-043C-4505-B823-7D5687F06C13}.Release|x86.Build.0 = Release|Any CPU
		{7E02C414-7932-49E1-916F-93A4BDF6B54C}.Debug|Any CPU.ActiveCfg = Debug|Any CPU
		{7E02C414-7932-49E1-916F-93A4BDF6B54C}.Debug|Any CPU.Build.0 = Debug|Any CPU
		{7E02C414-7932-49E1-916F-93A4BDF6B54C}.Debug|arm64.ActiveCfg = Debug|Any CPU
		{7E02C414-7932-49E1-916F-93A4BDF6B54C}.Debug|arm64.Build.0 = Debug|Any CPU
		{7E02C414-7932-49E1-916F-93A4BDF6B54C}.Debug|x86.ActiveCfg = Debug|Any CPU
		{7E02C414-7932-49E1-916F-93A4BDF6B54C}.Debug|x86.Build.0 = Debug|Any CPU
		{7E02C414-7932-49E1-916F-93A4BDF6B54C}.Release|Any CPU.ActiveCfg = Release|Any CPU
		{7E02C414-7932-49E1-916F-93A4BDF6B54C}.Release|Any CPU.Build.0 = Release|Any CPU
		{7E02C414-7932-49E1-916F-93A4BDF6B54C}.Release|arm64.ActiveCfg = Release|Any CPU
		{7E02C414-7932-49E1-916F-93A4BDF6B54C}.Release|arm64.Build.0 = Release|Any CPU
		{7E02C414-7932-49E1-916F-93A4BDF6B54C}.Release|x86.ActiveCfg = Release|Any CPU
		{7E02C414-7932-49E1-916F-93A4BDF6B54C}.Release|x86.Build.0 = Release|Any CPU
		{A0E14445-D0B7-46C8-8235-752E14E1FF5C}.Debug|Any CPU.ActiveCfg = Debug|Any CPU
		{A0E14445-D0B7-46C8-8235-752E14E1FF5C}.Debug|Any CPU.Build.0 = Debug|Any CPU
		{A0E14445-D0B7-46C8-8235-752E14E1FF5C}.Debug|arm64.ActiveCfg = Debug|Any CPU
		{A0E14445-D0B7-46C8-8235-752E14E1FF5C}.Debug|arm64.Build.0 = Debug|Any CPU
		{A0E14445-D0B7-46C8-8235-752E14E1FF5C}.Debug|x86.ActiveCfg = Debug|Any CPU
		{A0E14445-D0B7-46C8-8235-752E14E1FF5C}.Debug|x86.Build.0 = Debug|Any CPU
		{A0E14445-D0B7-46C8-8235-752E14E1FF5C}.Release|Any CPU.ActiveCfg = Release|Any CPU
		{A0E14445-D0B7-46C8-8235-752E14E1FF5C}.Release|Any CPU.Build.0 = Release|Any CPU
		{A0E14445-D0B7-46C8-8235-752E14E1FF5C}.Release|arm64.ActiveCfg = Release|Any CPU
		{A0E14445-D0B7-46C8-8235-752E14E1FF5C}.Release|arm64.Build.0 = Release|Any CPU
		{A0E14445-D0B7-46C8-8235-752E14E1FF5C}.Release|x86.ActiveCfg = Release|Any CPU
		{A0E14445-D0B7-46C8-8235-752E14E1FF5C}.Release|x86.Build.0 = Release|Any CPU
		{CE88A9EC-6575-4F7A-8931-162B482CD5BF}.Debug|Any CPU.ActiveCfg = Debug|Any CPU
		{CE88A9EC-6575-4F7A-8931-162B482CD5BF}.Debug|Any CPU.Build.0 = Debug|Any CPU
		{CE88A9EC-6575-4F7A-8931-162B482CD5BF}.Debug|arm64.ActiveCfg = Debug|Any CPU
		{CE88A9EC-6575-4F7A-8931-162B482CD5BF}.Debug|arm64.Build.0 = Debug|Any CPU
		{CE88A9EC-6575-4F7A-8931-162B482CD5BF}.Debug|x86.ActiveCfg = Debug|Any CPU
		{CE88A9EC-6575-4F7A-8931-162B482CD5BF}.Debug|x86.Build.0 = Debug|Any CPU
		{CE88A9EC-6575-4F7A-8931-162B482CD5BF}.Release|Any CPU.ActiveCfg = Release|Any CPU
		{CE88A9EC-6575-4F7A-8931-162B482CD5BF}.Release|Any CPU.Build.0 = Release|Any CPU
		{CE88A9EC-6575-4F7A-8931-162B482CD5BF}.Release|arm64.ActiveCfg = Release|Any CPU
		{CE88A9EC-6575-4F7A-8931-162B482CD5BF}.Release|arm64.Build.0 = Release|Any CPU
		{CE88A9EC-6575-4F7A-8931-162B482CD5BF}.Release|x86.ActiveCfg = Release|Any CPU
		{CE88A9EC-6575-4F7A-8931-162B482CD5BF}.Release|x86.Build.0 = Release|Any CPU
		{1B83B93D-4474-4C46-B75B-33108DDA41B8}.Debug|Any CPU.ActiveCfg = Debug|Any CPU
		{1B83B93D-4474-4C46-B75B-33108DDA41B8}.Debug|Any CPU.Build.0 = Debug|Any CPU
		{1B83B93D-4474-4C46-B75B-33108DDA41B8}.Debug|arm64.ActiveCfg = Debug|Any CPU
		{1B83B93D-4474-4C46-B75B-33108DDA41B8}.Debug|arm64.Build.0 = Debug|Any CPU
		{1B83B93D-4474-4C46-B75B-33108DDA41B8}.Debug|x86.ActiveCfg = Debug|Any CPU
		{1B83B93D-4474-4C46-B75B-33108DDA41B8}.Debug|x86.Build.0 = Debug|Any CPU
		{1B83B93D-4474-4C46-B75B-33108DDA41B8}.Release|Any CPU.ActiveCfg = Release|Any CPU
		{1B83B93D-4474-4C46-B75B-33108DDA41B8}.Release|Any CPU.Build.0 = Release|Any CPU
		{1B83B93D-4474-4C46-B75B-33108DDA41B8}.Release|arm64.ActiveCfg = Release|Any CPU
		{1B83B93D-4474-4C46-B75B-33108DDA41B8}.Release|arm64.Build.0 = Release|Any CPU
		{1B83B93D-4474-4C46-B75B-33108DDA41B8}.Release|x86.ActiveCfg = Release|Any CPU
		{1B83B93D-4474-4C46-B75B-33108DDA41B8}.Release|x86.Build.0 = Release|Any CPU
		{36D75D6E-DA06-47E1-856D-C030AC3BFA66}.Debug|Any CPU.ActiveCfg = Debug|Any CPU
		{36D75D6E-DA06-47E1-856D-C030AC3BFA66}.Debug|Any CPU.Build.0 = Debug|Any CPU
		{36D75D6E-DA06-47E1-856D-C030AC3BFA66}.Debug|arm64.ActiveCfg = Debug|Any CPU
		{36D75D6E-DA06-47E1-856D-C030AC3BFA66}.Debug|arm64.Build.0 = Debug|Any CPU
		{36D75D6E-DA06-47E1-856D-C030AC3BFA66}.Debug|x86.ActiveCfg = Debug|Any CPU
		{36D75D6E-DA06-47E1-856D-C030AC3BFA66}.Debug|x86.Build.0 = Debug|Any CPU
		{36D75D6E-DA06-47E1-856D-C030AC3BFA66}.Release|Any CPU.ActiveCfg = Release|Any CPU
		{36D75D6E-DA06-47E1-856D-C030AC3BFA66}.Release|Any CPU.Build.0 = Release|Any CPU
		{36D75D6E-DA06-47E1-856D-C030AC3BFA66}.Release|arm64.ActiveCfg = Release|Any CPU
		{36D75D6E-DA06-47E1-856D-C030AC3BFA66}.Release|arm64.Build.0 = Release|Any CPU
		{36D75D6E-DA06-47E1-856D-C030AC3BFA66}.Release|x86.ActiveCfg = Release|Any CPU
		{36D75D6E-DA06-47E1-856D-C030AC3BFA66}.Release|x86.Build.0 = Release|Any CPU
		{CA1C9FE1-1AFA-4709-BA8D-6D59E2D4BD8F}.Debug|Any CPU.ActiveCfg = Debug|Any CPU
		{CA1C9FE1-1AFA-4709-BA8D-6D59E2D4BD8F}.Debug|Any CPU.Build.0 = Debug|Any CPU
		{CA1C9FE1-1AFA-4709-BA8D-6D59E2D4BD8F}.Debug|arm64.ActiveCfg = Debug|Any CPU
		{CA1C9FE1-1AFA-4709-BA8D-6D59E2D4BD8F}.Debug|arm64.Build.0 = Debug|Any CPU
		{CA1C9FE1-1AFA-4709-BA8D-6D59E2D4BD8F}.Debug|x86.ActiveCfg = Debug|Any CPU
		{CA1C9FE1-1AFA-4709-BA8D-6D59E2D4BD8F}.Debug|x86.Build.0 = Debug|Any CPU
		{CA1C9FE1-1AFA-4709-BA8D-6D59E2D4BD8F}.Release|Any CPU.ActiveCfg = Release|Any CPU
		{CA1C9FE1-1AFA-4709-BA8D-6D59E2D4BD8F}.Release|Any CPU.Build.0 = Release|Any CPU
		{CA1C9FE1-1AFA-4709-BA8D-6D59E2D4BD8F}.Release|arm64.ActiveCfg = Release|Any CPU
		{CA1C9FE1-1AFA-4709-BA8D-6D59E2D4BD8F}.Release|arm64.Build.0 = Release|Any CPU
		{CA1C9FE1-1AFA-4709-BA8D-6D59E2D4BD8F}.Release|x86.ActiveCfg = Release|Any CPU
		{CA1C9FE1-1AFA-4709-BA8D-6D59E2D4BD8F}.Release|x86.Build.0 = Release|Any CPU
		{0A33FA00-FDD6-4203-B865-9F84F783DACE}.Debug|Any CPU.ActiveCfg = Debug|Any CPU
		{0A33FA00-FDD6-4203-B865-9F84F783DACE}.Debug|Any CPU.Build.0 = Debug|Any CPU
		{0A33FA00-FDD6-4203-B865-9F84F783DACE}.Debug|arm64.ActiveCfg = Debug|Any CPU
		{0A33FA00-FDD6-4203-B865-9F84F783DACE}.Debug|arm64.Build.0 = Debug|Any CPU
		{0A33FA00-FDD6-4203-B865-9F84F783DACE}.Debug|x86.ActiveCfg = Debug|Any CPU
		{0A33FA00-FDD6-4203-B865-9F84F783DACE}.Debug|x86.Build.0 = Debug|Any CPU
		{0A33FA00-FDD6-4203-B865-9F84F783DACE}.Release|Any CPU.ActiveCfg = Release|Any CPU
		{0A33FA00-FDD6-4203-B865-9F84F783DACE}.Release|Any CPU.Build.0 = Release|Any CPU
		{0A33FA00-FDD6-4203-B865-9F84F783DACE}.Release|arm64.ActiveCfg = Release|Any CPU
		{0A33FA00-FDD6-4203-B865-9F84F783DACE}.Release|arm64.Build.0 = Release|Any CPU
		{0A33FA00-FDD6-4203-B865-9F84F783DACE}.Release|x86.ActiveCfg = Release|Any CPU
		{0A33FA00-FDD6-4203-B865-9F84F783DACE}.Release|x86.Build.0 = Release|Any CPU
		{40E83EC6-2A95-4898-A4F7-05283E54A540}.Debug|Any CPU.ActiveCfg = Debug|Any CPU
		{40E83EC6-2A95-4898-A4F7-05283E54A540}.Debug|Any CPU.Build.0 = Debug|Any CPU
		{40E83EC6-2A95-4898-A4F7-05283E54A540}.Debug|arm64.ActiveCfg = Debug|Any CPU
		{40E83EC6-2A95-4898-A4F7-05283E54A540}.Debug|arm64.Build.0 = Debug|Any CPU
		{40E83EC6-2A95-4898-A4F7-05283E54A540}.Debug|x86.ActiveCfg = Debug|Any CPU
		{40E83EC6-2A95-4898-A4F7-05283E54A540}.Debug|x86.Build.0 = Debug|Any CPU
		{40E83EC6-2A95-4898-A4F7-05283E54A540}.Release|Any CPU.ActiveCfg = Release|Any CPU
		{40E83EC6-2A95-4898-A4F7-05283E54A540}.Release|Any CPU.Build.0 = Release|Any CPU
		{40E83EC6-2A95-4898-A4F7-05283E54A540}.Release|arm64.ActiveCfg = Release|Any CPU
		{40E83EC6-2A95-4898-A4F7-05283E54A540}.Release|arm64.Build.0 = Release|Any CPU
		{40E83EC6-2A95-4898-A4F7-05283E54A540}.Release|x86.ActiveCfg = Release|Any CPU
		{40E83EC6-2A95-4898-A4F7-05283E54A540}.Release|x86.Build.0 = Release|Any CPU
		{B3DDBA72-CED6-4188-8830-D08E4B95760F}.Debug|Any CPU.ActiveCfg = Debug|Any CPU
		{B3DDBA72-CED6-4188-8830-D08E4B95760F}.Debug|Any CPU.Build.0 = Debug|Any CPU
		{B3DDBA72-CED6-4188-8830-D08E4B95760F}.Debug|arm64.ActiveCfg = Debug|Any CPU
		{B3DDBA72-CED6-4188-8830-D08E4B95760F}.Debug|arm64.Build.0 = Debug|Any CPU
		{B3DDBA72-CED6-4188-8830-D08E4B95760F}.Debug|x86.ActiveCfg = Debug|Any CPU
		{B3DDBA72-CED6-4188-8830-D08E4B95760F}.Debug|x86.Build.0 = Debug|Any CPU
		{B3DDBA72-CED6-4188-8830-D08E4B95760F}.Release|Any CPU.ActiveCfg = Release|Any CPU
		{B3DDBA72-CED6-4188-8830-D08E4B95760F}.Release|Any CPU.Build.0 = Release|Any CPU
		{B3DDBA72-CED6-4188-8830-D08E4B95760F}.Release|arm64.ActiveCfg = Release|Any CPU
		{B3DDBA72-CED6-4188-8830-D08E4B95760F}.Release|arm64.Build.0 = Release|Any CPU
		{B3DDBA72-CED6-4188-8830-D08E4B95760F}.Release|x86.ActiveCfg = Release|Any CPU
		{B3DDBA72-CED6-4188-8830-D08E4B95760F}.Release|x86.Build.0 = Release|Any CPU
		{F43C9441-D5A9-4CB4-9672-0A4492855BC3}.Debug|Any CPU.ActiveCfg = Debug|Any CPU
		{F43C9441-D5A9-4CB4-9672-0A4492855BC3}.Debug|Any CPU.Build.0 = Debug|Any CPU
		{F43C9441-D5A9-4CB4-9672-0A4492855BC3}.Debug|arm64.ActiveCfg = Debug|Any CPU
		{F43C9441-D5A9-4CB4-9672-0A4492855BC3}.Debug|arm64.Build.0 = Debug|Any CPU
		{F43C9441-D5A9-4CB4-9672-0A4492855BC3}.Debug|x86.ActiveCfg = Debug|Any CPU
		{F43C9441-D5A9-4CB4-9672-0A4492855BC3}.Debug|x86.Build.0 = Debug|Any CPU
		{F43C9441-D5A9-4CB4-9672-0A4492855BC3}.Release|Any CPU.ActiveCfg = Release|Any CPU
		{F43C9441-D5A9-4CB4-9672-0A4492855BC3}.Release|Any CPU.Build.0 = Release|Any CPU
		{F43C9441-D5A9-4CB4-9672-0A4492855BC3}.Release|arm64.ActiveCfg = Release|Any CPU
		{F43C9441-D5A9-4CB4-9672-0A4492855BC3}.Release|arm64.Build.0 = Release|Any CPU
		{F43C9441-D5A9-4CB4-9672-0A4492855BC3}.Release|x86.ActiveCfg = Release|Any CPU
		{F43C9441-D5A9-4CB4-9672-0A4492855BC3}.Release|x86.Build.0 = Release|Any CPU
		{190DF686-3DE1-42CD-8415-63947C6B2DDC}.Debug|Any CPU.ActiveCfg = Debug|Any CPU
		{190DF686-3DE1-42CD-8415-63947C6B2DDC}.Debug|Any CPU.Build.0 = Debug|Any CPU
		{190DF686-3DE1-42CD-8415-63947C6B2DDC}.Debug|arm64.ActiveCfg = Debug|Any CPU
		{190DF686-3DE1-42CD-8415-63947C6B2DDC}.Debug|arm64.Build.0 = Debug|Any CPU
		{190DF686-3DE1-42CD-8415-63947C6B2DDC}.Debug|x86.ActiveCfg = Debug|Any CPU
		{190DF686-3DE1-42CD-8415-63947C6B2DDC}.Debug|x86.Build.0 = Debug|Any CPU
		{190DF686-3DE1-42CD-8415-63947C6B2DDC}.Release|Any CPU.ActiveCfg = Release|Any CPU
		{190DF686-3DE1-42CD-8415-63947C6B2DDC}.Release|Any CPU.Build.0 = Release|Any CPU
		{190DF686-3DE1-42CD-8415-63947C6B2DDC}.Release|arm64.ActiveCfg = Release|Any CPU
		{190DF686-3DE1-42CD-8415-63947C6B2DDC}.Release|arm64.Build.0 = Release|Any CPU
		{190DF686-3DE1-42CD-8415-63947C6B2DDC}.Release|x86.ActiveCfg = Release|Any CPU
		{190DF686-3DE1-42CD-8415-63947C6B2DDC}.Release|x86.Build.0 = Release|Any CPU
		{B360215F-0A31-46BA-9D0B-0056838F2888}.Debug|Any CPU.ActiveCfg = Debug|Any CPU
		{B360215F-0A31-46BA-9D0B-0056838F2888}.Debug|Any CPU.Build.0 = Debug|Any CPU
		{B360215F-0A31-46BA-9D0B-0056838F2888}.Debug|arm64.ActiveCfg = Debug|Any CPU
		{B360215F-0A31-46BA-9D0B-0056838F2888}.Debug|arm64.Build.0 = Debug|Any CPU
		{B360215F-0A31-46BA-9D0B-0056838F2888}.Debug|x86.ActiveCfg = Debug|Any CPU
		{B360215F-0A31-46BA-9D0B-0056838F2888}.Debug|x86.Build.0 = Debug|Any CPU
		{B360215F-0A31-46BA-9D0B-0056838F2888}.Release|Any CPU.ActiveCfg = Release|Any CPU
		{B360215F-0A31-46BA-9D0B-0056838F2888}.Release|Any CPU.Build.0 = Release|Any CPU
		{B360215F-0A31-46BA-9D0B-0056838F2888}.Release|arm64.ActiveCfg = Release|Any CPU
		{B360215F-0A31-46BA-9D0B-0056838F2888}.Release|arm64.Build.0 = Release|Any CPU
		{B360215F-0A31-46BA-9D0B-0056838F2888}.Release|x86.ActiveCfg = Release|Any CPU
		{B360215F-0A31-46BA-9D0B-0056838F2888}.Release|x86.Build.0 = Release|Any CPU
		{ED173629-0218-4AF5-8EE3-6FD6557E6833}.Debug|Any CPU.ActiveCfg = Debug|Any CPU
		{ED173629-0218-4AF5-8EE3-6FD6557E6833}.Debug|Any CPU.Build.0 = Debug|Any CPU
		{ED173629-0218-4AF5-8EE3-6FD6557E6833}.Debug|arm64.ActiveCfg = Debug|Any CPU
		{ED173629-0218-4AF5-8EE3-6FD6557E6833}.Debug|arm64.Build.0 = Debug|Any CPU
		{ED173629-0218-4AF5-8EE3-6FD6557E6833}.Debug|x86.ActiveCfg = Debug|Any CPU
		{ED173629-0218-4AF5-8EE3-6FD6557E6833}.Debug|x86.Build.0 = Debug|Any CPU
		{ED173629-0218-4AF5-8EE3-6FD6557E6833}.Release|Any CPU.ActiveCfg = Release|Any CPU
		{ED173629-0218-4AF5-8EE3-6FD6557E6833}.Release|Any CPU.Build.0 = Release|Any CPU
		{ED173629-0218-4AF5-8EE3-6FD6557E6833}.Release|arm64.ActiveCfg = Release|Any CPU
		{ED173629-0218-4AF5-8EE3-6FD6557E6833}.Release|arm64.Build.0 = Release|Any CPU
		{ED173629-0218-4AF5-8EE3-6FD6557E6833}.Release|x86.ActiveCfg = Release|Any CPU
		{ED173629-0218-4AF5-8EE3-6FD6557E6833}.Release|x86.Build.0 = Release|Any CPU
		{9EF7FFD1-6333-438C-B3B7-1752FBA50BD8}.Debug|Any CPU.ActiveCfg = Debug|Any CPU
		{9EF7FFD1-6333-438C-B3B7-1752FBA50BD8}.Debug|Any CPU.Build.0 = Debug|Any CPU
		{9EF7FFD1-6333-438C-B3B7-1752FBA50BD8}.Debug|arm64.ActiveCfg = Debug|Any CPU
		{9EF7FFD1-6333-438C-B3B7-1752FBA50BD8}.Debug|arm64.Build.0 = Debug|Any CPU
		{9EF7FFD1-6333-438C-B3B7-1752FBA50BD8}.Debug|x86.ActiveCfg = Debug|Any CPU
		{9EF7FFD1-6333-438C-B3B7-1752FBA50BD8}.Debug|x86.Build.0 = Debug|Any CPU
		{9EF7FFD1-6333-438C-B3B7-1752FBA50BD8}.Release|Any CPU.ActiveCfg = Release|Any CPU
		{9EF7FFD1-6333-438C-B3B7-1752FBA50BD8}.Release|Any CPU.Build.0 = Release|Any CPU
		{9EF7FFD1-6333-438C-B3B7-1752FBA50BD8}.Release|arm64.ActiveCfg = Release|Any CPU
		{9EF7FFD1-6333-438C-B3B7-1752FBA50BD8}.Release|arm64.Build.0 = Release|Any CPU
		{9EF7FFD1-6333-438C-B3B7-1752FBA50BD8}.Release|x86.ActiveCfg = Release|Any CPU
		{9EF7FFD1-6333-438C-B3B7-1752FBA50BD8}.Release|x86.Build.0 = Release|Any CPU
		{19545A66-0F47-4711-A25B-2B8F4F667796}.Debug|Any CPU.ActiveCfg = Debug|Any CPU
		{19545A66-0F47-4711-A25B-2B8F4F667796}.Debug|Any CPU.Build.0 = Debug|Any CPU
		{19545A66-0F47-4711-A25B-2B8F4F667796}.Debug|arm64.ActiveCfg = Debug|Any CPU
		{19545A66-0F47-4711-A25B-2B8F4F667796}.Debug|arm64.Build.0 = Debug|Any CPU
		{19545A66-0F47-4711-A25B-2B8F4F667796}.Debug|x86.ActiveCfg = Debug|Any CPU
		{19545A66-0F47-4711-A25B-2B8F4F667796}.Debug|x86.Build.0 = Debug|Any CPU
		{19545A66-0F47-4711-A25B-2B8F4F667796}.Release|Any CPU.ActiveCfg = Release|Any CPU
		{19545A66-0F47-4711-A25B-2B8F4F667796}.Release|Any CPU.Build.0 = Release|Any CPU
		{19545A66-0F47-4711-A25B-2B8F4F667796}.Release|arm64.ActiveCfg = Release|Any CPU
		{19545A66-0F47-4711-A25B-2B8F4F667796}.Release|arm64.Build.0 = Release|Any CPU
		{19545A66-0F47-4711-A25B-2B8F4F667796}.Release|x86.ActiveCfg = Release|Any CPU
		{19545A66-0F47-4711-A25B-2B8F4F667796}.Release|x86.Build.0 = Release|Any CPU
		{36EFE2AF-2CF0-456B-AD9E-89AB8CE04514}.Debug|Any CPU.ActiveCfg = Debug|Any CPU
		{36EFE2AF-2CF0-456B-AD9E-89AB8CE04514}.Debug|Any CPU.Build.0 = Debug|Any CPU
		{36EFE2AF-2CF0-456B-AD9E-89AB8CE04514}.Debug|arm64.ActiveCfg = Debug|arm64
		{36EFE2AF-2CF0-456B-AD9E-89AB8CE04514}.Debug|arm64.Build.0 = Debug|arm64
		{36EFE2AF-2CF0-456B-AD9E-89AB8CE04514}.Debug|x86.ActiveCfg = Debug|x86
		{36EFE2AF-2CF0-456B-AD9E-89AB8CE04514}.Debug|x86.Build.0 = Debug|x86
		{36EFE2AF-2CF0-456B-AD9E-89AB8CE04514}.Release|Any CPU.ActiveCfg = Release|Any CPU
		{36EFE2AF-2CF0-456B-AD9E-89AB8CE04514}.Release|Any CPU.Build.0 = Release|Any CPU
		{36EFE2AF-2CF0-456B-AD9E-89AB8CE04514}.Release|arm64.ActiveCfg = Release|arm64
		{36EFE2AF-2CF0-456B-AD9E-89AB8CE04514}.Release|arm64.Build.0 = Release|arm64
		{36EFE2AF-2CF0-456B-AD9E-89AB8CE04514}.Release|x86.ActiveCfg = Release|x86
		{36EFE2AF-2CF0-456B-AD9E-89AB8CE04514}.Release|x86.Build.0 = Release|x86
		{8FAFE51E-5776-408C-A63B-0488ADD64D22}.Debug|Any CPU.ActiveCfg = Debug|Any CPU
		{8FAFE51E-5776-408C-A63B-0488ADD64D22}.Debug|Any CPU.Build.0 = Debug|Any CPU
		{8FAFE51E-5776-408C-A63B-0488ADD64D22}.Debug|arm64.ActiveCfg = Debug|arm64
		{8FAFE51E-5776-408C-A63B-0488ADD64D22}.Debug|arm64.Build.0 = Debug|arm64
		{8FAFE51E-5776-408C-A63B-0488ADD64D22}.Debug|x86.ActiveCfg = Debug|x86
		{8FAFE51E-5776-408C-A63B-0488ADD64D22}.Debug|x86.Build.0 = Debug|x86
		{8FAFE51E-5776-408C-A63B-0488ADD64D22}.Release|Any CPU.ActiveCfg = Release|Any CPU
		{8FAFE51E-5776-408C-A63B-0488ADD64D22}.Release|Any CPU.Build.0 = Release|Any CPU
		{8FAFE51E-5776-408C-A63B-0488ADD64D22}.Release|arm64.ActiveCfg = Release|arm64
		{8FAFE51E-5776-408C-A63B-0488ADD64D22}.Release|arm64.Build.0 = Release|arm64
		{8FAFE51E-5776-408C-A63B-0488ADD64D22}.Release|x86.ActiveCfg = Release|x86
		{8FAFE51E-5776-408C-A63B-0488ADD64D22}.Release|x86.Build.0 = Release|x86
		{87006153-2624-426C-A753-82A86E4D1303}.Debug|Any CPU.ActiveCfg = Debug|Any CPU
		{87006153-2624-426C-A753-82A86E4D1303}.Debug|Any CPU.Build.0 = Debug|Any CPU
		{87006153-2624-426C-A753-82A86E4D1303}.Debug|arm64.ActiveCfg = Debug|Any CPU
		{87006153-2624-426C-A753-82A86E4D1303}.Debug|arm64.Build.0 = Debug|Any CPU
		{87006153-2624-426C-A753-82A86E4D1303}.Debug|x86.ActiveCfg = Debug|Any CPU
		{87006153-2624-426C-A753-82A86E4D1303}.Debug|x86.Build.0 = Debug|Any CPU
		{87006153-2624-426C-A753-82A86E4D1303}.Release|Any CPU.ActiveCfg = Release|Any CPU
		{87006153-2624-426C-A753-82A86E4D1303}.Release|Any CPU.Build.0 = Release|Any CPU
		{87006153-2624-426C-A753-82A86E4D1303}.Release|arm64.ActiveCfg = Release|Any CPU
		{87006153-2624-426C-A753-82A86E4D1303}.Release|arm64.Build.0 = Release|Any CPU
		{87006153-2624-426C-A753-82A86E4D1303}.Release|x86.ActiveCfg = Release|Any CPU
		{87006153-2624-426C-A753-82A86E4D1303}.Release|x86.Build.0 = Release|Any CPU
		{26065408-E106-4736-BCD2-78D5E6E3BF63}.Debug|Any CPU.ActiveCfg = Debug|Any CPU
		{26065408-E106-4736-BCD2-78D5E6E3BF63}.Debug|Any CPU.Build.0 = Debug|Any CPU
		{26065408-E106-4736-BCD2-78D5E6E3BF63}.Debug|arm64.ActiveCfg = Debug|Any CPU
		{26065408-E106-4736-BCD2-78D5E6E3BF63}.Debug|arm64.Build.0 = Debug|Any CPU
		{26065408-E106-4736-BCD2-78D5E6E3BF63}.Debug|x86.ActiveCfg = Debug|Any CPU
		{26065408-E106-4736-BCD2-78D5E6E3BF63}.Debug|x86.Build.0 = Debug|Any CPU
		{26065408-E106-4736-BCD2-78D5E6E3BF63}.Release|Any CPU.ActiveCfg = Release|Any CPU
		{26065408-E106-4736-BCD2-78D5E6E3BF63}.Release|Any CPU.Build.0 = Release|Any CPU
		{26065408-E106-4736-BCD2-78D5E6E3BF63}.Release|arm64.ActiveCfg = Release|Any CPU
		{26065408-E106-4736-BCD2-78D5E6E3BF63}.Release|arm64.Build.0 = Release|Any CPU
		{26065408-E106-4736-BCD2-78D5E6E3BF63}.Release|x86.ActiveCfg = Release|Any CPU
		{26065408-E106-4736-BCD2-78D5E6E3BF63}.Release|x86.Build.0 = Release|Any CPU
		{988C245F-6BDA-40D9-B50B-09D29EC6D53E}.Debug|Any CPU.ActiveCfg = Debug|Any CPU
		{988C245F-6BDA-40D9-B50B-09D29EC6D53E}.Debug|Any CPU.Build.0 = Debug|Any CPU
		{988C245F-6BDA-40D9-B50B-09D29EC6D53E}.Debug|arm64.ActiveCfg = Debug|Any CPU
		{988C245F-6BDA-40D9-B50B-09D29EC6D53E}.Debug|arm64.Build.0 = Debug|Any CPU
		{988C245F-6BDA-40D9-B50B-09D29EC6D53E}.Debug|x86.ActiveCfg = Debug|Any CPU
		{988C245F-6BDA-40D9-B50B-09D29EC6D53E}.Debug|x86.Build.0 = Debug|Any CPU
		{988C245F-6BDA-40D9-B50B-09D29EC6D53E}.Release|Any CPU.ActiveCfg = Release|Any CPU
		{988C245F-6BDA-40D9-B50B-09D29EC6D53E}.Release|Any CPU.Build.0 = Release|Any CPU
		{988C245F-6BDA-40D9-B50B-09D29EC6D53E}.Release|arm64.ActiveCfg = Release|Any CPU
		{988C245F-6BDA-40D9-B50B-09D29EC6D53E}.Release|arm64.Build.0 = Release|Any CPU
		{988C245F-6BDA-40D9-B50B-09D29EC6D53E}.Release|x86.ActiveCfg = Release|Any CPU
		{988C245F-6BDA-40D9-B50B-09D29EC6D53E}.Release|x86.Build.0 = Release|Any CPU
		{FEA34A08-73D9-42E1-8E75-135DFFF1161C}.Debug|Any CPU.ActiveCfg = Debug|Any CPU
		{FEA34A08-73D9-42E1-8E75-135DFFF1161C}.Debug|Any CPU.Build.0 = Debug|Any CPU
		{FEA34A08-73D9-42E1-8E75-135DFFF1161C}.Debug|arm64.ActiveCfg = Debug|arm64
		{FEA34A08-73D9-42E1-8E75-135DFFF1161C}.Debug|arm64.Build.0 = Debug|arm64
		{FEA34A08-73D9-42E1-8E75-135DFFF1161C}.Debug|x86.ActiveCfg = Debug|x86
		{FEA34A08-73D9-42E1-8E75-135DFFF1161C}.Debug|x86.Build.0 = Debug|x86
		{FEA34A08-73D9-42E1-8E75-135DFFF1161C}.Release|Any CPU.ActiveCfg = Release|Any CPU
		{FEA34A08-73D9-42E1-8E75-135DFFF1161C}.Release|Any CPU.Build.0 = Release|Any CPU
		{FEA34A08-73D9-42E1-8E75-135DFFF1161C}.Release|arm64.ActiveCfg = Release|arm64
		{FEA34A08-73D9-42E1-8E75-135DFFF1161C}.Release|arm64.Build.0 = Release|arm64
		{FEA34A08-73D9-42E1-8E75-135DFFF1161C}.Release|x86.ActiveCfg = Release|x86
		{FEA34A08-73D9-42E1-8E75-135DFFF1161C}.Release|x86.Build.0 = Release|x86
		{D8F77B49-B37E-47AD-AD0D-928639194DC5}.Debug|Any CPU.ActiveCfg = Debug|Any CPU
		{D8F77B49-B37E-47AD-AD0D-928639194DC5}.Debug|Any CPU.Build.0 = Debug|Any CPU
		{D8F77B49-B37E-47AD-AD0D-928639194DC5}.Debug|arm64.ActiveCfg = Debug|Any CPU
		{D8F77B49-B37E-47AD-AD0D-928639194DC5}.Debug|arm64.Build.0 = Debug|Any CPU
		{D8F77B49-B37E-47AD-AD0D-928639194DC5}.Debug|x86.ActiveCfg = Debug|Any CPU
		{D8F77B49-B37E-47AD-AD0D-928639194DC5}.Debug|x86.Build.0 = Debug|Any CPU
		{D8F77B49-B37E-47AD-AD0D-928639194DC5}.Release|Any CPU.ActiveCfg = Release|Any CPU
		{D8F77B49-B37E-47AD-AD0D-928639194DC5}.Release|Any CPU.Build.0 = Release|Any CPU
		{D8F77B49-B37E-47AD-AD0D-928639194DC5}.Release|arm64.ActiveCfg = Release|Any CPU
		{D8F77B49-B37E-47AD-AD0D-928639194DC5}.Release|arm64.Build.0 = Release|Any CPU
		{D8F77B49-B37E-47AD-AD0D-928639194DC5}.Release|x86.ActiveCfg = Release|Any CPU
		{D8F77B49-B37E-47AD-AD0D-928639194DC5}.Release|x86.Build.0 = Release|Any CPU
		{161E272E-D163-4152-8030-580ECFDE4504}.Debug|Any CPU.ActiveCfg = Debug|Any CPU
		{161E272E-D163-4152-8030-580ECFDE4504}.Debug|Any CPU.Build.0 = Debug|Any CPU
		{161E272E-D163-4152-8030-580ECFDE4504}.Debug|arm64.ActiveCfg = Debug|Any CPU
		{161E272E-D163-4152-8030-580ECFDE4504}.Debug|arm64.Build.0 = Debug|Any CPU
		{161E272E-D163-4152-8030-580ECFDE4504}.Debug|x86.ActiveCfg = Debug|Any CPU
		{161E272E-D163-4152-8030-580ECFDE4504}.Debug|x86.Build.0 = Debug|Any CPU
		{161E272E-D163-4152-8030-580ECFDE4504}.Release|Any CPU.ActiveCfg = Release|Any CPU
		{161E272E-D163-4152-8030-580ECFDE4504}.Release|Any CPU.Build.0 = Release|Any CPU
		{161E272E-D163-4152-8030-580ECFDE4504}.Release|arm64.ActiveCfg = Release|Any CPU
		{161E272E-D163-4152-8030-580ECFDE4504}.Release|arm64.Build.0 = Release|Any CPU
		{161E272E-D163-4152-8030-580ECFDE4504}.Release|x86.ActiveCfg = Release|Any CPU
		{161E272E-D163-4152-8030-580ECFDE4504}.Release|x86.Build.0 = Release|Any CPU
		{47333368-7CE7-4B5C-94DF-36CD17E7E6DD}.Debug|Any CPU.ActiveCfg = Debug|Any CPU
		{47333368-7CE7-4B5C-94DF-36CD17E7E6DD}.Debug|Any CPU.Build.0 = Debug|Any CPU
		{47333368-7CE7-4B5C-94DF-36CD17E7E6DD}.Debug|arm64.ActiveCfg = Debug|Any CPU
		{47333368-7CE7-4B5C-94DF-36CD17E7E6DD}.Debug|arm64.Build.0 = Debug|Any CPU
		{47333368-7CE7-4B5C-94DF-36CD17E7E6DD}.Debug|x86.ActiveCfg = Debug|Any CPU
		{47333368-7CE7-4B5C-94DF-36CD17E7E6DD}.Debug|x86.Build.0 = Debug|Any CPU
		{47333368-7CE7-4B5C-94DF-36CD17E7E6DD}.Release|Any CPU.ActiveCfg = Release|Any CPU
		{47333368-7CE7-4B5C-94DF-36CD17E7E6DD}.Release|Any CPU.Build.0 = Release|Any CPU
		{47333368-7CE7-4B5C-94DF-36CD17E7E6DD}.Release|arm64.ActiveCfg = Release|Any CPU
		{47333368-7CE7-4B5C-94DF-36CD17E7E6DD}.Release|arm64.Build.0 = Release|Any CPU
		{47333368-7CE7-4B5C-94DF-36CD17E7E6DD}.Release|x86.ActiveCfg = Release|Any CPU
		{47333368-7CE7-4B5C-94DF-36CD17E7E6DD}.Release|x86.Build.0 = Release|Any CPU
		{74FC914F-A376-4B87-82BD-D2B483911400}.Debug|Any CPU.ActiveCfg = Debug|Any CPU
		{74FC914F-A376-4B87-82BD-D2B483911400}.Debug|Any CPU.Build.0 = Debug|Any CPU
		{74FC914F-A376-4B87-82BD-D2B483911400}.Debug|arm64.ActiveCfg = Debug|arm64
		{74FC914F-A376-4B87-82BD-D2B483911400}.Debug|arm64.Build.0 = Debug|arm64
		{74FC914F-A376-4B87-82BD-D2B483911400}.Debug|x86.ActiveCfg = Debug|x86
		{74FC914F-A376-4B87-82BD-D2B483911400}.Debug|x86.Build.0 = Debug|x86
		{74FC914F-A376-4B87-82BD-D2B483911400}.Release|Any CPU.ActiveCfg = Release|Any CPU
		{74FC914F-A376-4B87-82BD-D2B483911400}.Release|Any CPU.Build.0 = Release|Any CPU
		{74FC914F-A376-4B87-82BD-D2B483911400}.Release|arm64.ActiveCfg = Release|arm64
		{74FC914F-A376-4B87-82BD-D2B483911400}.Release|arm64.Build.0 = Release|arm64
		{74FC914F-A376-4B87-82BD-D2B483911400}.Release|x86.ActiveCfg = Release|x86
		{74FC914F-A376-4B87-82BD-D2B483911400}.Release|x86.Build.0 = Release|x86
	EndGlobalSection
	GlobalSection(SolutionProperties) = preSolution
		HideSolutionNode = FALSE
	EndGlobalSection
	GlobalSection(NestedProjects) = preSolution
		{0FEE1418-A26D-4498-9D38-1D00BBD5F6EB} = {70E4E0F2-BBDA-4CBD-9249-858FFA90CA93}
		{03418254-7C9D-4371-A73D-6815DD49B82A} = {70E4E0F2-BBDA-4CBD-9249-858FFA90CA93}
		{3DBB732F-4476-4A29-B5DA-952B3277D3F5} = {70E4E0F2-BBDA-4CBD-9249-858FFA90CA93}
		{7E0B209D-0600-4309-84C1-85C170C606C1} = {70E4E0F2-BBDA-4CBD-9249-858FFA90CA93}
		{472E0ED2-3494-46BA-91BF-91DC9BFEC286} = {8382DA59-2329-441D-B1D9-3E6D67D160C4}
		{CCBC4E5E-23B4-4F3A-9491-988CA02BA6C3} = {6F08EAD8-C029-4470-A36C-C9CF22EC379D}
		{3EA74F52-7A99-4C27-B3DF-A5BCFE83F2FB} = {6F08EAD8-C029-4470-A36C-C9CF22EC379D}
		{082177DF-043C-4505-B823-7D5687F06C13} = {6F08EAD8-C029-4470-A36C-C9CF22EC379D}
		{7E02C414-7932-49E1-916F-93A4BDF6B54C} = {6ED66035-1D91-4CAE-9305-A0C251C21842}
		{A0E14445-D0B7-46C8-8235-752E14E1FF5C} = {6ED66035-1D91-4CAE-9305-A0C251C21842}
		{6ED66035-1D91-4CAE-9305-A0C251C21842} = {70E4E0F2-BBDA-4CBD-9249-858FFA90CA93}
		{CE88A9EC-6575-4F7A-8931-162B482CD5BF} = {6ED66035-1D91-4CAE-9305-A0C251C21842}
		{50127F62-3C2B-42E3-A309-E9EFA8561184} = {70E4E0F2-BBDA-4CBD-9249-858FFA90CA93}
		{1B83B93D-4474-4C46-B75B-33108DDA41B8} = {50127F62-3C2B-42E3-A309-E9EFA8561184}
		{6F08EAD8-C029-4470-A36C-C9CF22EC379D} = {8382DA59-2329-441D-B1D9-3E6D67D160C4}
		{15C7DBC0-CCC1-4084-A362-03B2791F501D} = {8382DA59-2329-441D-B1D9-3E6D67D160C4}
		{36D75D6E-DA06-47E1-856D-C030AC3BFA66} = {50127F62-3C2B-42E3-A309-E9EFA8561184}
		{CA1C9FE1-1AFA-4709-BA8D-6D59E2D4BD8F} = {50127F62-3C2B-42E3-A309-E9EFA8561184}
		{0A33FA00-FDD6-4203-B865-9F84F783DACE} = {6F08EAD8-C029-4470-A36C-C9CF22EC379D}
		{40E83EC6-2A95-4898-A4F7-05283E54A540} = {15C7DBC0-CCC1-4084-A362-03B2791F501D}
		{B3DDBA72-CED6-4188-8830-D08E4B95760F} = {15C7DBC0-CCC1-4084-A362-03B2791F501D}
		{F43C9441-D5A9-4CB4-9672-0A4492855BC3} = {6F08EAD8-C029-4470-A36C-C9CF22EC379D}
		{190DF686-3DE1-42CD-8415-63947C6B2DDC} = {15C7DBC0-CCC1-4084-A362-03B2791F501D}
		{B360215F-0A31-46BA-9D0B-0056838F2888} = {15C7DBC0-CCC1-4084-A362-03B2791F501D}
		{ED173629-0218-4AF5-8EE3-6FD6557E6833} = {15C7DBC0-CCC1-4084-A362-03B2791F501D}
		{14C0BECA-6D9E-442B-A88B-D08F46A29BA1} = {0A3239EC-C714-4500-AF3A-7106F93BA379}
		{9EF7FFD1-6333-438C-B3B7-1752FBA50BD8} = {F8C024A5-AFA8-4614-8D43-EDAB4E9B5DB8}
		{19545A66-0F47-4711-A25B-2B8F4F667796} = {8C30FEFC-9EAB-4AF3-A3E7-029037B4C1B7}
		{36EFE2AF-2CF0-456B-AD9E-89AB8CE04514} = {8C30FEFC-9EAB-4AF3-A3E7-029037B4C1B7}
		{8FAFE51E-5776-408C-A63B-0488ADD64D22} = {F8C024A5-AFA8-4614-8D43-EDAB4E9B5DB8}
		{28D35F71-815B-4D7E-A0A1-890D65B63245} = {0A3239EC-C714-4500-AF3A-7106F93BA379}
		{FFDFBAD2-6A48-41DF-A85B-C7C9B3E25BFE} = {28D35F71-815B-4D7E-A0A1-890D65B63245}
		{87006153-2624-426C-A753-82A86E4D1303} = {FFDFBAD2-6A48-41DF-A85B-C7C9B3E25BFE}
		{26065408-E106-4736-BCD2-78D5E6E3BF63} = {FFDFBAD2-6A48-41DF-A85B-C7C9B3E25BFE}
		{988C245F-6BDA-40D9-B50B-09D29EC6D53E} = {FFDFBAD2-6A48-41DF-A85B-C7C9B3E25BFE}
		{FEA34A08-73D9-42E1-8E75-135DFFF1161C} = {FFDFBAD2-6A48-41DF-A85B-C7C9B3E25BFE}
		{B05DF9C0-CF90-4FAA-B80B-613B240CB5AA} = {28D35F71-815B-4D7E-A0A1-890D65B63245}
		{D8F77B49-B37E-47AD-AD0D-928639194DC5} = {B05DF9C0-CF90-4FAA-B80B-613B240CB5AA}
		{161E272E-D163-4152-8030-580ECFDE4504} = {B05DF9C0-CF90-4FAA-B80B-613B240CB5AA}
		{47333368-7CE7-4B5C-94DF-36CD17E7E6DD} = {B05DF9C0-CF90-4FAA-B80B-613B240CB5AA}
		{F8C024A5-AFA8-4614-8D43-EDAB4E9B5DB8} = {14C0BECA-6D9E-442B-A88B-D08F46A29BA1}
		{8C30FEFC-9EAB-4AF3-A3E7-029037B4C1B7} = {14C0BECA-6D9E-442B-A88B-D08F46A29BA1}
		{74FC914F-A376-4B87-82BD-D2B483911400} = {B05DF9C0-CF90-4FAA-B80B-613B240CB5AA}
	EndGlobalSection
	GlobalSection(ExtensibilityGlobals) = postSolution
		SolutionGuid = {E9B5FC98-635A-4080-8B4C-CE648D40636A}
	EndGlobalSection
EndGlobal
