
Microsoft Visual Studio Solution File, Format Version 12.00
# Visual Studio Version 16
VisualStudioVersion = 16.0.33214.272
MinimumVisualStudioVersion = 10.0.40219.1
Project("{9A19103F-16F7-4668-BE54-9A1E7A4F7556}") = "CRUD.DAL", "DAL\CRUD.DAL.csproj", "{F911AC09-2AB3-46EA-ADFE-7301932210E2}"
EndProject
Project("{9A19103F-16F7-4668-BE54-9A1E7A4F7556}") = "CRUD.CQRS", "CQRS\CRUD.CQRS.csproj", "{0FEE1418-A26D-4498-9D38-1D00BBD5F6EB}"
EndProject
Project("{9A19103F-16F7-4668-BE54-9A1E7A4F7556}") = "CRUD.Extensions", "Extensions\CRUD.Extensions.csproj", "{0F6E3193-E43F-408B-A054-D028E99AE998}"
EndProject
Project("{9A19103F-16F7-4668-BE54-9A1E7A4F7556}") = "CRUD.Core", "Core\CRUD.Core.csproj", "{03418254-7C9D-4371-A73D-6815DD49B82A}"
EndProject
Project("{9A19103F-16F7-4668-BE54-9A1E7A4F7556}") = "CRUD.Example", "Example\CRUD.Example.csproj", "{9453056A-87EB-4DC1-A13E-ACFE3603AE58}"
EndProject
Global
	GlobalSection(SolutionConfigurationPlatforms) = preSolution
		Debug|Any CPU = Debug|Any CPU
		Release|Any CPU = Release|Any CPU
	EndGlobalSection
	GlobalSection(ProjectConfigurationPlatforms) = postSolution
		{F911AC09-2AB3-46EA-ADFE-7301932210E2}.Debug|Any CPU.ActiveCfg = Debug|Any CPU
		{F911AC09-2AB3-46EA-ADFE-7301932210E2}.Debug|Any CPU.Build.0 = Debug|Any CPU
		{F911AC09-2AB3-46EA-ADFE-7301932210E2}.Release|Any CPU.ActiveCfg = Release|Any CPU
		{F911AC09-2AB3-46EA-ADFE-7301932210E2}.Release|Any CPU.Build.0 = Release|Any CPU
		{0FEE1418-A26D-4498-9D38-1D00BBD5F6EB}.Debug|Any CPU.ActiveCfg = Debug|Any CPU
		{0FEE1418-A26D-4498-9D38-1D00BBD5F6EB}.Debug|Any CPU.Build.0 = Debug|Any CPU
		{0FEE1418-A26D-4498-9D38-1D00BBD5F6EB}.Release|Any CPU.ActiveCfg = Release|Any CPU
		{0FEE1418-A26D-4498-9D38-1D00BBD5F6EB}.Release|Any CPU.Build.0 = Release|Any CPU
		{0F6E3193-E43F-408B-A054-D028E99AE998}.Debug|Any CPU.ActiveCfg = Debug|Any CPU
		{0F6E3193-E43F-408B-A054-D028E99AE998}.Debug|Any CPU.Build.0 = Debug|Any CPU
		{0F6E3193-E43F-408B-A054-D028E99AE998}.Release|Any CPU.ActiveCfg = Release|Any CPU
		{0F6E3193-E43F-408B-A054-D028E99AE998}.Release|Any CPU.Build.0 = Release|Any CPU
		{03418254-7C9D-4371-A73D-6815DD49B82A}.Debug|Any CPU.ActiveCfg = Debug|Any CPU
		{03418254-7C9D-4371-A73D-6815DD49B82A}.Debug|Any CPU.Build.0 = Debug|Any CPU
		{03418254-7C9D-4371-A73D-6815DD49B82A}.Release|Any CPU.ActiveCfg = Release|Any CPU
		{03418254-7C9D-4371-A73D-6815DD49B82A}.Release|Any CPU.Build.0 = Release|Any CPU
		{9453056A-87EB-4DC1-A13E-ACFE3603AE58}.Debug|Any CPU.ActiveCfg = Debug|Any CPU
		{9453056A-87EB-4DC1-A13E-ACFE3603AE58}.Debug|Any CPU.Build.0 = Debug|Any CPU
		{9453056A-87EB-4DC1-A13E-ACFE3603AE58}.Release|Any CPU.ActiveCfg = Release|Any CPU
		{9453056A-87EB-4DC1-A13E-ACFE3603AE58}.Release|Any CPU.Build.0 = Release|Any CPU
	EndGlobalSection
	GlobalSection(SolutionProperties) = preSolution
		HideSolutionNode = FALSE
	EndGlobalSection
	GlobalSection(ExtensibilityGlobals) = postSolution
		SolutionGuid = {E9B5FC98-635A-4080-8B4C-CE648D40636A}
	EndGlobalSection
EndGlobal
