
Microsoft Visual Studio Solution File, Format Version 12.00
# Visual Studio Version 16
VisualStudioVersion = 16.0.33214.272
MinimumVisualStudioVersion = 10.0.40219.1
Project("{9A19103F-16F7-4668-BE54-9A1E7A4F7556}") = "CRUD.DAL", "DAL\CRUD.DAL.csproj", "{F911AC09-2AB3-46EA-ADFE-7301932210E2}"
EndProject
Global
	GlobalSection(SolutionConfigurationPlatforms) = preSolution
		Debug|Any CPU = Debug|Any CPU
		Release|Any CPU = Release|Any CPU
	EndGlobalSection
	GlobalSection(ProjectConfigurationPlatforms) = postSolution
		{F911AC09-2AB3-46EA-ADFE-7301932210E2}.Debug|Any CPU.ActiveCfg = Debug|Any CPU
		{F911AC09-2AB3-46EA-ADFE-7301932210E2}.Debug|Any CPU.Build.0 = Debug|Any CPU
		{F911AC09-2AB3-46EA-ADFE-7301932210E2}.Release|Any CPU.ActiveCfg = Release|Any CPU
		{F911AC09-2AB3-46EA-ADFE-7301932210E2}.Release|Any CPU.Build.0 = Release|Any CPU
	EndGlobalSection
	GlobalSection(SolutionProperties) = preSolution
		HideSolutionNode = FALSE
	EndGlobalSection
	GlobalSection(ExtensibilityGlobals) = postSolution
		SolutionGuid = {E9B5FC98-635A-4080-8B4C-CE648D40636A}
	EndGlobalSection
EndGlobal
